
Microsoft Visual Studio Solution File, Format Version 12.00
# Visual Studio Version 16
VisualStudioVersion = 16.0.31105.61
MinimumVisualStudioVersion = 10.0.40219.1
Project("{FAE04EC0-301F-11D3-BF4B-00C04F79EFBC}") = "EsercizioSpesa", "EsercizioSpesa\EsercizioSpesa.csproj", "{46631427-A0F5-4D96-8AAC-1482B705DEC2}"
EndProject
Global
	GlobalSection(SolutionConfigurationPlatforms) = preSolution
		Debug|Any CPU = Debug|Any CPU
		Release|Any CPU = Release|Any CPU
	EndGlobalSection
	GlobalSection(ProjectConfigurationPlatforms) = postSolution
		{46631427-A0F5-4D96-8AAC-1482B705DEC2}.Debug|Any CPU.ActiveCfg = Debug|Any CPU
		{46631427-A0F5-4D96-8AAC-1482B705DEC2}.Debug|Any CPU.Build.0 = Debug|Any CPU
		{46631427-A0F5-4D96-8AAC-1482B705DEC2}.Release|Any CPU.ActiveCfg = Release|Any CPU
		{46631427-A0F5-4D96-8AAC-1482B705DEC2}.Release|Any CPU.Build.0 = Release|Any CPU
	EndGlobalSection
	GlobalSection(SolutionProperties) = preSolution
		HideSolutionNode = FALSE
	EndGlobalSection
	GlobalSection(ExtensibilityGlobals) = postSolution
		SolutionGuid = {21F364ED-D8DC-4315-9188-B249BA5B287B}
	EndGlobalSection
EndGlobal
